<?xml version="1.0" encoding="UTF-8" standalone="yes" ?>
<CodeBlocks_project_file>
	<FileVersion major="1" minor="6" />
	<Project>
		<Option title="HolyWar" />
		<Option pch_mode="2" />
		<Option compiler="gcc" />
		<Build>
			<Target title="Debug">
				<Option output="bin/Debug/HolyWar" prefix_auto="1" extension_auto="1" />
				<Option object_output="obj/Debug/" />
				<Option type="1" />
				<Option compiler="gcc" />
				<Compiler>
					<Add option="-g" />
					<Add directory="C:/MinGW/include/SDL2" />
					<Add directory="include" />
				</Compiler>
				<Linker>
					<Add option="-lSDL2Main -lSDL2 -lSDL2_image" />
					<Add directory="C:/MinGW/lib" />
				</Linker>
			</Target>
			<Target title="Release">
				<Option output="bin/Release/HolyWar" prefix_auto="1" extension_auto="1" />
				<Option object_output="obj/Release/" />
				<Option type="1" />
				<Option compiler="gcc" />
				<Compiler>
					<Add option="-O2" />
					<Add directory="include" />
				</Compiler>
				<Linker>
					<Add option="-s" />
				</Linker>
			</Target>
		</Build>
		<Compiler>
			<Add option="-Wall" />
			<Add directory="C:/SDL2/SDL/include" />
		</Compiler>
		<Linker>
			<Add option="-lSDL2 -lSDL2_image" />
			<Add directory="C:/SDL2/SDL/lib" />
		</Linker>
		<Unit filename="CharacterTexture.cpp" />
		<Unit filename="Core.cpp" />
		<Unit filename="GeneralTexture.cpp" />
		<Unit filename="Holy_War_main.cpp" />
		<Unit filename="Interaction.cpp" />
		<Unit filename="MainMenuOptions.cpp" />
		<Unit filename="MenuButton.cpp" />
		<Unit filename="PlayerCursor.cpp" />
		<Unit filename="PlayerObject.cpp" />
		<Unit filename="State.cpp" />
		<Unit filename="Texture.cpp" />
		<Unit filename="include/CharacterTexture.h" />
		<Unit filename="include/Core.h" />
		<Unit filename="include/GeneralTexture.h" />
		<Unit filename="include/Interaction.h" />
		<Unit filename="include/MainMenuOptions.h" />
		<Unit filename="include/MenuButton.h" />
		<Unit filename="include/PlayerCursor.h" />
		<Unit filename="include/PlayerObject.h" />
		<Unit filename="include/State.h" />
		<Unit filename="include/Texture.h" />
		<Unit filename="include/ThreadData.h" />
		<Extensions>
			<code_completion />
			<envvars />
			<debugger />
			<lib_finder disable_auto="1" />
		</Extensions>
	</Project>
</CodeBlocks_project_file>
